
Microsoft Visual Studio Solution File, Format Version 12.00
# Visual Studio Version 16
VisualStudioVersion = 16.0.31605.320
MinimumVisualStudioVersion = 10.0.40219.1
Project("{FAE04EC0-301F-11D3-BF4B-00C04F79EFBC}") = "CVManager", "CVManager\CVManager.csproj", "{58847EF9-9B5D-4EB8-9EC5-58F43EA5E00D}"
EndProject
Project("{FAE04EC0-301F-11D3-BF4B-00C04F79EFBC}") = "Domain", "Domain\Domain.csproj", "{EE1F19C2-B877-42C0-B9F5-E039B6B6DCCF}"
EndProject
Project("{FAE04EC0-301F-11D3-BF4B-00C04F79EFBC}") = "Service", "Service\Service.csproj", "{5C0AB753-6159-4124-BA81-0EC175681656}"
EndProject
Project("{FAE04EC0-301F-11D3-BF4B-00C04F79EFBC}") = "Repository", "Repository\Repository.csproj", "{0E0F1BD2-6EC3-4238-B755-402FD282F69E}"
EndProject
Project("{FAE04EC0-301F-11D3-BF4B-00C04F79EFBC}") = "Migration", "Migration\Migration.csproj", "{2D721E2B-54D5-42E3-99F6-F13114DEEE53}"
EndProject
Global
	GlobalSection(SolutionConfigurationPlatforms) = preSolution
		Debug|Any CPU = Debug|Any CPU
		Release|Any CPU = Release|Any CPU
	EndGlobalSection
	GlobalSection(ProjectConfigurationPlatforms) = postSolution
		{58847EF9-9B5D-4EB8-9EC5-58F43EA5E00D}.Debug|Any CPU.ActiveCfg = Debug|Any CPU
		{58847EF9-9B5D-4EB8-9EC5-58F43EA5E00D}.Debug|Any CPU.Build.0 = Debug|Any CPU
		{58847EF9-9B5D-4EB8-9EC5-58F43EA5E00D}.Release|Any CPU.ActiveCfg = Release|Any CPU
		{58847EF9-9B5D-4EB8-9EC5-58F43EA5E00D}.Release|Any CPU.Build.0 = Release|Any CPU
		{EE1F19C2-B877-42C0-B9F5-E039B6B6DCCF}.Debug|Any CPU.ActiveCfg = Debug|Any CPU
		{EE1F19C2-B877-42C0-B9F5-E039B6B6DCCF}.Debug|Any CPU.Build.0 = Debug|Any CPU
		{EE1F19C2-B877-42C0-B9F5-E039B6B6DCCF}.Release|Any CPU.ActiveCfg = Release|Any CPU
		{EE1F19C2-B877-42C0-B9F5-E039B6B6DCCF}.Release|Any CPU.Build.0 = Release|Any CPU
		{5C0AB753-6159-4124-BA81-0EC175681656}.Debug|Any CPU.ActiveCfg = Debug|Any CPU
		{5C0AB753-6159-4124-BA81-0EC175681656}.Debug|Any CPU.Build.0 = Debug|Any CPU
		{5C0AB753-6159-4124-BA81-0EC175681656}.Release|Any CPU.ActiveCfg = Release|Any CPU
		{5C0AB753-6159-4124-BA81-0EC175681656}.Release|Any CPU.Build.0 = Release|Any CPU
		{0E0F1BD2-6EC3-4238-B755-402FD282F69E}.Debug|Any CPU.ActiveCfg = Debug|Any CPU
		{0E0F1BD2-6EC3-4238-B755-402FD282F69E}.Debug|Any CPU.Build.0 = Debug|Any CPU
		{0E0F1BD2-6EC3-4238-B755-402FD282F69E}.Release|Any CPU.ActiveCfg = Release|Any CPU
		{0E0F1BD2-6EC3-4238-B755-402FD282F69E}.Release|Any CPU.Build.0 = Release|Any CPU
		{2D721E2B-54D5-42E3-99F6-F13114DEEE53}.Debug|Any CPU.ActiveCfg = Debug|Any CPU
		{2D721E2B-54D5-42E3-99F6-F13114DEEE53}.Debug|Any CPU.Build.0 = Debug|Any CPU
		{2D721E2B-54D5-42E3-99F6-F13114DEEE53}.Release|Any CPU.ActiveCfg = Release|Any CPU
		{2D721E2B-54D5-42E3-99F6-F13114DEEE53}.Release|Any CPU.Build.0 = Release|Any CPU
	EndGlobalSection
	GlobalSection(SolutionProperties) = preSolution
		HideSolutionNode = FALSE
	EndGlobalSection
	GlobalSection(ExtensibilityGlobals) = postSolution
		SolutionGuid = {FCB618A3-CE3E-4B5C-BE5F-64BC1B3F7918}
	EndGlobalSection
EndGlobal
